
Microsoft Visual Studio Solution File, Format Version 12.00
# Visual Studio 15
VisualStudioVersion = 15.0.28307.168
MinimumVisualStudioVersion = 10.0.40219.1
Project("{FAE04EC0-301F-11D3-BF4B-00C04F79EFBC}") = "CalculatorAppTests", "CalculatorAppTests\CalculatorAppTests.csproj", "{C29C52CA-0009-417A-AF4B-F987B9D830E3}"
EndProject
Project("{FAE04EC0-301F-11D3-BF4B-00C04F79EFBC}") = "CalculatorAppUnitTests", "CalculatorAppUnitTests\CalculatorAppUnitTests.csproj", "{DB5CB8B8-8123-4599-BBE0-75372E95E69F}"
EndProject
Global
	GlobalSection(SolutionConfigurationPlatforms) = preSolution
		Debug|Any CPU = Debug|Any CPU
		Release|Any CPU = Release|Any CPU
	EndGlobalSection
	GlobalSection(ProjectConfigurationPlatforms) = postSolution
		{C29C52CA-0009-417A-AF4B-F987B9D830E3}.Debug|Any CPU.ActiveCfg = Debug|Any CPU
		{C29C52CA-0009-417A-AF4B-F987B9D830E3}.Debug|Any CPU.Build.0 = Debug|Any CPU
		{C29C52CA-0009-417A-AF4B-F987B9D830E3}.Release|Any CPU.ActiveCfg = Release|Any CPU
		{C29C52CA-0009-417A-AF4B-F987B9D830E3}.Release|Any CPU.Build.0 = Release|Any CPU
		{DB5CB8B8-8123-4599-BBE0-75372E95E69F}.Debug|Any CPU.ActiveCfg = Debug|Any CPU
		{DB5CB8B8-8123-4599-BBE0-75372E95E69F}.Debug|Any CPU.Build.0 = Debug|Any CPU
		{DB5CB8B8-8123-4599-BBE0-75372E95E69F}.Release|Any CPU.ActiveCfg = Release|Any CPU
		{DB5CB8B8-8123-4599-BBE0-75372E95E69F}.Release|Any CPU.Build.0 = Release|Any CPU
	EndGlobalSection
	GlobalSection(SolutionProperties) = preSolution
		HideSolutionNode = FALSE
	EndGlobalSection
	GlobalSection(ExtensibilityGlobals) = postSolution
		SolutionGuid = {54F9FC00-2761-40C6-B6B4-D1125E9EFA45}
	EndGlobalSection
EndGlobal
